// !$*UTF8*$!
{
	archiveVersion = 1;
	classes = {
	};
	objectVersion = 46;
	objects = {

/* Begin PBXBuildFile section */
		CE0389A51C9FD07D00CD2680 /* main.m in Sources */ = {isa = PBXBuildFile; fileRef = CE0389A41C9FD07D00CD2680 /* main.m */; };
		CE0389A81C9FD07D00CD2680 /* AppDelegate.m in Sources */ = {isa = PBXBuildFile; fileRef = CE0389A71C9FD07D00CD2680 /* AppDelegate.m */; };
		CE0389AB1C9FD07D00CD2680 /* ViewController.m in Sources */ = {isa = PBXBuildFile; fileRef = CE0389AA1C9FD07D00CD2680 /* ViewController.m */; };
		CE0389AE1C9FD07D00CD2680 /* Main.storyboard in Resources */ = {isa = PBXBuildFile; fileRef = CE0389AC1C9FD07D00CD2680 /* Main.storyboard */; };
		CE0389B01C9FD07D00CD2680 /* Assets.xcassets in Resources */ = {isa = PBXBuildFile; fileRef = CE0389AF1C9FD07D00CD2680 /* Assets.xcassets */; };
		CE0389B31C9FD07D00CD2680 /* LaunchScreen.storyboard in Resources */ = {isa = PBXBuildFile; fileRef = CE0389B11C9FD07D00CD2680 /* LaunchScreen.storyboard */; };
		CE0389BC1C9FD09700CD2680 /* SearchTree.m in Sources */ = {isa = PBXBuildFile; fileRef = CE0389BB1C9FD09700CD2680 /* SearchTree.m */; };
		CE0389BF1C9FD0A300CD2680 /* TNode.m in Sources */ = {isa = PBXBuildFile; fileRef = CE0389BE1C9FD0A300CD2680 /* TNode.m */; };
		CE0389C21C9FD0ED00CD2680 /* Word.m in Sources */ = {isa = PBXBuildFile; fileRef = CE0389C11C9FD0ED00CD2680 /* Word.m */; };
		CE0389C41C9FD22500CD2680 /* data.txt in Resources */ = {isa = PBXBuildFile; fileRef = CE0389C31C9FD22500CD2680 /* data.txt */; };
		CE0389C71C9FD6EE00CD2680 /* SearchCell.m in Sources */ = {isa = PBXBuildFile; fileRef = CE0389C61C9FD6EE00CD2680 /* SearchCell.m */; };
		CE0389C91C9FD6FD00CD2680 /* SearchCell.xib in Resources */ = {isa = PBXBuildFile; fileRef = CE0389C81C9FD6FD00CD2680 /* SearchCell.xib */; };
		CE8B9EC41CA1273E0035AA69 /* WordTest.m in Sources */ = {isa = PBXBuildFile; fileRef = CE8B9EC31CA1273E0035AA69 /* WordTest.m */; };
/* End PBXBuildFile section */

/* Begin PBXFileReference section */
		CE0389A01C9FD07D00CD2680 /* WordSearch.app */ = {isa = PBXFileReference; explicitFileType = wrapper.application; includeInIndex = 0; path = WordSearch.app; sourceTree = BUILT_PRODUCTS_DIR; };
		CE0389A41C9FD07D00CD2680 /* main.m */ = {isa = PBXFileReference; lastKnownFileType = sourcecode.c.objc; path = main.m; sourceTree = "<group>"; };
		CE0389A61C9FD07D00CD2680 /* AppDelegate.h */ = {isa = PBXFileReference; lastKnownFileType = sourcecode.c.h; path = AppDelegate.h; sourceTree = "<group>"; };
		CE0389A71C9FD07D00CD2680 /* AppDelegate.m */ = {isa = PBXFileReference; lastKnownFileType = sourcecode.c.objc; path = AppDelegate.m; sourceTree = "<group>"; };
		CE0389A91C9FD07D00CD2680 /* ViewController.h */ = {isa = PBXFileReference; lastKnownFileType = sourcecode.c.h; path = ViewController.h; sourceTree = "<group>"; };
		CE0389AA1C9FD07D00CD2680 /* ViewController.m */ = {isa = PBXFileReference; lastKnownFileType = sourcecode.c.objc; path = ViewController.m; sourceTree = "<group>"; };
		CE0389AD1C9FD07D00CD2680 /* Base */ = {isa = PBXFileReference; lastKnownFileType = file.storyboard; name = Base; path = Base.lproj/Main.storyboard; sourceTree = "<group>"; };
		CE0389AF1C9FD07D00CD2680 /* Assets.xcassets */ = {isa = PBXFileReference; lastKnownFileType = folder.assetcatalog; path = Assets.xcassets; sourceTree = "<group>"; };
		CE0389B21C9FD07D00CD2680 /* Base */ = {isa = PBXFileReference; lastKnownFileType = file.storyboard; name = Base; path = Base.lproj/LaunchScreen.storyboard; sourceTree = "<group>"; };
		CE0389B41C9FD07D00CD2680 /* Info.plist */ = {isa = PBXFileReference; lastKnownFileType = text.plist.xml; path = Info.plist; sourceTree = "<group>"; };
		CE0389BA1C9FD09700CD2680 /* SearchTree.h */ = {isa = PBXFileReference; fileEncoding = 4; lastKnownFileType = sourcecode.c.h; path = SearchTree.h; sourceTree = "<group>"; };
		CE0389BB1C9FD09700CD2680 /* SearchTree.m */ = {isa = PBXFileReference; fileEncoding = 4; lastKnownFileType = sourcecode.c.objc; path = SearchTree.m; sourceTree = "<group>"; };
		CE0389BD1C9FD0A300CD2680 /* TNode.h */ = {isa = PBXFileReference; fileEncoding = 4; lastKnownFileType = sourcecode.c.h; path = TNode.h; sourceTree = "<group>"; };
		CE0389BE1C9FD0A300CD2680 /* TNode.m */ = {isa = PBXFileReference; fileEncoding = 4; lastKnownFileType = sourcecode.c.objc; path = TNode.m; sourceTree = "<group>"; };
		CE0389C01C9FD0EC00CD2680 /* Word.h */ = {isa = PBXFileReference; fileEncoding = 4; lastKnownFileType = sourcecode.c.h; path = Word.h; sourceTree = "<group>"; };
		CE0389C11C9FD0ED00CD2680 /* Word.m */ = {isa = PBXFileReference; fileEncoding = 4; lastKnownFileType = sourcecode.c.objc; path = Word.m; sourceTree = "<group>"; };
		CE0389C31C9FD22500CD2680 /* data.txt */ = {isa = PBXFileReference; fileEncoding = 4; lastKnownFileType = text; path = data.txt; sourceTree = "<group>"; };
		CE0389C51C9FD6EE00CD2680 /* SearchCell.h */ = {isa = PBXFileReference; fileEncoding = 4; lastKnownFileType = sourcecode.c.h; path = SearchCell.h; sourceTree = "<group>"; };
		CE0389C61C9FD6EE00CD2680 /* SearchCell.m */ = {isa = PBXFileReference; fileEncoding = 4; lastKnownFileType = sourcecode.c.objc; path = SearchCell.m; sourceTree = "<group>"; };
		CE0389C81C9FD6FD00CD2680 /* SearchCell.xib */ = {isa = PBXFileReference; fileEncoding = 4; lastKnownFileType = file.xib; path = SearchCell.xib; sourceTree = "<group>"; };
		CE8B9EC21CA1273E0035AA69 /* WordTest.h */ = {isa = PBXFileReference; fileEncoding = 4; lastKnownFileType = sourcecode.c.h; path = WordTest.h; sourceTree = "<group>"; };
		CE8B9EC31CA1273E0035AA69 /* WordTest.m */ = {isa = PBXFileReference; fileEncoding = 4; lastKnownFileType = sourcecode.c.objc; path = WordTest.m; sourceTree = "<group>"; };
/* End PBXFileReference section */

/* Begin PBXFrameworksBuildPhase section */
		CE03899D1C9FD07D00CD2680 /* Frameworks */ = {
			isa = PBXFrameworksBuildPhase;
			buildActionMask = 2147483647;
			files = (
			);
			runOnlyForDeploymentPostprocessing = 0;
		};
/* End PBXFrameworksBuildPhase section */

/* Begin PBXGroup section */
		CE0389971C9FD07C00CD2680 = {
			isa = PBXGroup;
			children = (
				CE0389A21C9FD07D00CD2680 /* WordSearch */,
				CE0389A11C9FD07D00CD2680 /* Products */,
			);
			sourceTree = "<group>";
		};
		CE0389A11C9FD07D00CD2680 /* Products */ = {
			isa = PBXGroup;
			children = (
				CE0389A01C9FD07D00CD2680 /* WordSearch.app */,
			);
			name = Products;
			sourceTree = "<group>";
		};
		CE0389A21C9FD07D00CD2680 /* WordSearch */ = {
			isa = PBXGroup;
			children = (
				CE0389C31C9FD22500CD2680 /* data.txt */,
				CE0389BA1C9FD09700CD2680 /* SearchTree.h */,
				CE0389BB1C9FD09700CD2680 /* SearchTree.m */,
				CE0389A61C9FD07D00CD2680 /* AppDelegate.h */,
				CE0389A71C9FD07D00CD2680 /* AppDelegate.m */,
				CE0389A91C9FD07D00CD2680 /* ViewController.h */,
				CE0389AA1C9FD07D00CD2680 /* ViewController.m */,
				CE0389BD1C9FD0A300CD2680 /* TNode.h */,
				CE0389BE1C9FD0A300CD2680 /* TNode.m */,
				CE0389C01C9FD0EC00CD2680 /* Word.h */,
				CE0389C11C9FD0ED00CD2680 /* Word.m */,
				CE0389AC1C9FD07D00CD2680 /* Main.storyboard */,
				CE0389AF1C9FD07D00CD2680 /* Assets.xcassets */,
				CE0389B11C9FD07D00CD2680 /* LaunchScreen.storyboard */,
				CE0389B41C9FD07D00CD2680 /* Info.plist */,
				CE0389A31C9FD07D00CD2680 /* Supporting Files */,
				CE0389C51C9FD6EE00CD2680 /* SearchCell.h */,
				CE0389C61C9FD6EE00CD2680 /* SearchCell.m */,
				CE0389C81C9FD6FD00CD2680 /* SearchCell.xib */,
				CE8B9EC21CA1273E0035AA69 /* WordTest.h */,
				CE8B9EC31CA1273E0035AA69 /* WordTest.m */,
			);
			path = WordSearch;
			sourceTree = "<group>";
		};
		CE0389A31C9FD07D00CD2680 /* Supporting Files */ = {
			isa = PBXGroup;
			children = (
				CE0389A41C9FD07D00CD2680 /* main.m */,
			);
			name = "Supporting Files";
			sourceTree = "<group>";
		};
/* End PBXGroup section */

/* Begin PBXNativeTarget section */
		CE03899F1C9FD07D00CD2680 /* WordSearch */ = {
			isa = PBXNativeTarget;
			buildConfigurationList = CE0389B71C9FD07D00CD2680 /* Build configuration list for PBXNativeTarget "WordSearch" */;
			buildPhases = (
				CE03899C1C9FD07D00CD2680 /* Sources */,
				CE03899D1C9FD07D00CD2680 /* Frameworks */,
				CE03899E1C9FD07D00CD2680 /* Resources */,
			);
			buildRules = (
			);
			dependencies = (
			);
			name = WordSearch;
			productName = WordSearch;
			productReference = CE0389A01C9FD07D00CD2680 /* WordSearch.app */;
			productType = "com.apple.product-type.application";
		};
/* End PBXNativeTarget section */

/* Begin PBXProject section */
		CE0389981C9FD07D00CD2680 /* Project object */ = {
			isa = PBXProject;
			attributes = {
				LastUpgradeCheck = 0720;
				ORGANIZATIONNAME = user;
				TargetAttributes = {
					CE03899F1C9FD07D00CD2680 = {
						CreatedOnToolsVersion = 7.2;
						DevelopmentTeam = UKP869MHKN;
					};
				};
			};
			buildConfigurationList = CE03899B1C9FD07D00CD2680 /* Build configuration list for PBXProject "WordSearch" */;
			compatibilityVersion = "Xcode 3.2";
			developmentRegion = English;
			hasScannedForEncodings = 0;
			knownRegions = (
				en,
				Base,
			);
			mainGroup = CE0389971C9FD07C00CD2680;
			productRefGroup = CE0389A11C9FD07D00CD2680 /* Products */;
			projectDirPath = "";
			projectRoot = "";
			targets = (
				CE03899F1C9FD07D00CD2680 /* WordSearch */,
			);
		};
/* End PBXProject section */

/* Begin PBXResourcesBuildPhase section */
		CE03899E1C9FD07D00CD2680 /* Resources */ = {
			isa = PBXResourcesBuildPhase;
			buildActionMask = 2147483647;
			files = (
				CE0389C91C9FD6FD00CD2680 /* SearchCell.xib in Resources */,
				CE0389C41C9FD22500CD2680 /* data.txt in Resources */,
				CE0389B31C9FD07D00CD2680 /* LaunchScreen.storyboard in Resources */,
				CE0389B01C9FD07D00CD2680 /* Assets.xcassets in Resources */,
				CE0389AE1C9FD07D00CD2680 /* Main.storyboard in Resources */,
			);
			runOnlyForDeploymentPostprocessing = 0;
		};
/* End PBXResourcesBuildPhase section */

/* Begin PBXSourcesBuildPhase section */
		CE03899C1C9FD07D00CD2680 /* Sources */ = {
			isa = PBXSourcesBuildPhase;
			buildActionMask = 2147483647;
			files = (
				CE0389AB1C9FD07D00CD2680 /* ViewController.m in Sources */,
				CE8B9EC41CA1273E0035AA69 /* WordTest.m in Sources */,
				CE0389C21C9FD0ED00CD2680 /* Word.m in Sources */,
				CE0389BC1C9FD09700CD2680 /* SearchTree.m in Sources */,
				CE0389C71C9FD6EE00CD2680 /* SearchCell.m in Sources */,
				CE0389BF1C9FD0A300CD2680 /* TNode.m in Sources */,
				CE0389A81C9FD07D00CD2680 /* AppDelegate.m in Sources */,
				CE0389A51C9FD07D00CD2680 /* main.m in Sources */,
			);
			runOnlyForDeploymentPostprocessing = 0;
		};
/* End PBXSourcesBuildPhase section */

/* Begin PBXVariantGroup section */
		CE0389AC1C9FD07D00CD2680 /* Main.storyboard */ = {
			isa = PBXVariantGroup;
			children = (
				CE0389AD1C9FD07D00CD2680 /* Base */,
			);
			name = Main.storyboard;
			sourceTree = "<group>";
		};
		CE0389B11C9FD07D00CD2680 /* LaunchScreen.storyboard */ = {
			isa = PBXVariantGroup;
			children = (
				CE0389B21C9FD07D00CD2680 /* Base */,
			);
			name = LaunchScreen.storyboard;
			sourceTree = "<group>";
		};
/* End PBXVariantGroup section */

/* Begin XCBuildConfiguration section */
		CE0389B51C9FD07D00CD2680 /* Debug */ = {
			isa = XCBuildConfiguration;
			buildSettings = {
				ALWAYS_SEARCH_USER_PATHS = NO;
				CLANG_CXX_LANGUAGE_STANDARD = "gnu++0x";
				CLANG_CXX_LIBRARY = "libc++";
				CLANG_ENABLE_MODULES = YES;
				CLANG_ENABLE_OBJC_ARC = YES;
				CLANG_WARN_BOOL_CONVERSION = YES;
				CLANG_WARN_CONSTANT_CONVERSION = YES;
				CLANG_WARN_DIRECT_OBJC_ISA_USAGE = YES_ERROR;
				CLANG_WARN_EMPTY_BODY = YES;
				CLANG_WARN_ENUM_CONVERSION = YES;
				CLANG_WARN_INT_CONVERSION = YES;
				CLANG_WARN_OBJC_ROOT_CLASS = YES_ERROR;
				CLANG_WARN_UNREACHABLE_CODE = YES;
				CLANG_WARN__DUPLICATE_METHOD_MATCH = YES;
				"CODE_SIGN_IDENTITY[sdk=iphoneos*]" = "iPhone Developer";
				COPY_PHASE_STRIP = NO;
				DEBUG_INFORMATION_FORMAT = dwarf;
				ENABLE_STRICT_OBJC_MSGSEND = YES;
				ENABLE_TESTABILITY = YES;
				GCC_C_LANGUAGE_STANDARD = gnu99;
				GCC_DYNAMIC_NO_PIC = NO;
				GCC_NO_COMMON_BLOCKS = YES;
				GCC_OPTIMIZATION_LEVEL = 0;
				GCC_PREPROCESSOR_DEFINITIONS = (
					"DEBUG=1",
					"$(inherited)",
				);
				GCC_WARN_64_TO_32_BIT_CONVERSION = YES;
				GCC_WARN_ABOUT_RETURN_TYPE = YES_ERROR;
				GCC_WARN_UNDECLARED_SELECTOR = YES;
				GCC_WARN_UNINITIALIZED_AUTOS = YES_AGGRESSIVE;
				GCC_WARN_UNUSED_FUNCTION = YES;
				GCC_WARN_UNUSED_VARIABLE = YES;
				IPHONEOS_DEPLOYMENT_TARGET = 9.2;
				MTL_ENABLE_DEBUG_INFO = YES;
				ONLY_ACTIVE_ARCH = YES;
				SDKROOT = iphoneos;
				TARGETED_DEVICE_FAMILY = "1,2";
			};
			name = Debug;
		};
		CE0389B61C9FD07D00CD2680 /* Release */ = {
			isa = XCBuildConfiguration;
			buildSettings = {
				ALWAYS_SEARCH_USER_PATHS = NO;
				CLANG_CXX_LANGUAGE_STANDARD = "gnu++0x";
				CLANG_CXX_LIBRARY = "libc++";
				CLANG_ENABLE_MODULES = YES;
				CLANG_ENABLE_OBJC_ARC = YES;
				CLANG_WARN_BOOL_CONVERSION = YES;
				CLANG_WARN_CONSTANT_CONVERSION = YES;
				CLANG_WARN_DIRECT_OBJC_ISA_USAGE = YES_ERROR;
				CLANG_WARN_EMPTY_BODY = YES;
				CLANG_WARN_ENUM_CONVERSION = YES;
				CLANG_WARN_INT_CONVERSION = YES;
				CLANG_WARN_OBJC_ROOT_CLASS = YES_ERROR;
				CLANG_WARN_UNREACHABLE_CODE = YES;
				CLANG_WARN__DUPLICATE_METHOD_MATCH = YES;
				"CODE_SIGN_IDENTITY[sdk=iphoneos*]" = "iPhone Developer";
				COPY_PHASE_STRIP = NO;
				DEBUG_INFORMATION_FORMAT = "dwarf-with-dsym";
				ENABLE_NS_ASSERTIONS = NO;
				ENABLE_STRICT_OBJC_MSGSEND = YES;
				GCC_C_LANGUAGE_STANDARD = gnu99;
				GCC_NO_COMMON_BLOCKS = YES;
				GCC_WARN_64_TO_32_BIT_CONVERSION = YES;
				GCC_WARN_ABOUT_RETURN_TYPE = YES_ERROR;
				GCC_WARN_UNDECLARED_SELECTOR = YES;
				GCC_WARN_UNINITIALIZED_AUTOS = YES_AGGRESSIVE;
				GCC_WARN_UNUSED_FUNCTION = YES;
				GCC_WARN_UNUSED_VARIABLE = YES;
				IPHONEOS_DEPLOYMENT_TARGET = 9.2;
				MTL_ENABLE_DEBUG_INFO = NO;
				SDKROOT = iphoneos;
				TARGETED_DEVICE_FAMILY = "1,2";
				VALIDATE_PRODUCT = YES;
			};
			name = Release;
		};
		CE0389B81C9FD07D00CD2680 /* Debug */ = {
			isa = XCBuildConfiguration;
			buildSettings = {
				ASSETCATALOG_COMPILER_APPICON_NAME = AppIcon;
				CODE_SIGN_IDENTITY = "iPhone Developer: Jianfei Chen (K5H3MEFEEM)";
				INFOPLIST_FILE = WordSearch/Info.plist;
				LD_RUNPATH_SEARCH_PATHS = "$(inherited) @executable_path/Frameworks";
				PRODUCT_BUNDLE_IDENTIFIER = com.ruoogle.liveshow;
				PRODUCT_NAME = "$(TARGET_NAME)";
				PROVISIONING_PROFILE = "0208e406-7486-429d-99c0-ce43bcb58ab9";
			};
			name = Debug;
		};
		CE0389B91C9FD07D00CD2680 /* Release */ = {
			isa = XCBuildConfiguration;
			buildSettings = {
				ASSETCATALOG_COMPILER_APPICON_NAME = AppIcon;
				CODE_SIGN_IDENTITY = "iPhone Developer: Jianfei Chen (K5H3MEFEEM)";
				INFOPLIST_FILE = WordSearch/Info.plist;
				LD_RUNPATH_SEARCH_PATHS = "$(inherited) @executable_path/Frameworks";
				PRODUCT_BUNDLE_IDENTIFIER = com.ruoogle.liveshow;
				PRODUCT_NAME = "$(TARGET_NAME)";
				PROVISIONING_PROFILE = "0208e406-7486-429d-99c0-ce43bcb58ab9";
			};
			name = Release;
		};
/* End XCBuildConfiguration section */

/* Begin XCConfigurationList section */
		CE03899B1C9FD07D00CD2680 /* Build configuration list for PBXProject "WordSearch" */ = {
			isa = XCConfigurationList;
			buildConfigurations = (
				CE0389B51C9FD07D00CD2680 /* Debug */,
				CE0389B61C9FD07D00CD2680 /* Release */,
			);
			defaultConfigurationIsVisible = 0;
			defaultConfigurationName = Release;
		};
		CE0389B71C9FD07D00CD2680 /* Build configuration list for PBXNativeTarget "WordSearch" */ = {
			isa = XCConfigurationList;
			buildConfigurations = (
				CE0389B81C9FD07D00CD2680 /* Debug */,
				CE0389B91C9FD07D00CD2680 /* Release */,
			);
			defaultConfigurationIsVisible = 0;
			defaultConfigurationName = Release;
		};
/* End XCConfigurationList section */
	};
	rootObject = CE0389981C9FD07D00CD2680 /* Project object */;
}
